
Microsoft Visual Studio Solution File, Format Version 12.00
# Visual Studio Version 16
VisualStudioVersion = 25.0.1706.11
MinimumVisualStudioVersion = 10.0.40219.1
Project("{FAE04EC0-301F-11D3-BF4B-00C04F79EFBC}") = "DotNetK8", "DotNetK8\DotNetK8.csproj", "{1DDB3C26-45AD-40D3-A9E1-005F5A9A3C21}"
EndProject
Project("{E53339B2-1760-4266-BCC7-CA923CBCF16C}") = "docker-compose", "docker-compose.dcproj", "{923E3CE8-C683-4970-97DB-A24346C6A461}"
EndProject
Global
	GlobalSection(SolutionConfigurationPlatforms) = preSolution
		Debug|Any CPU = Debug|Any CPU
		Release|Any CPU = Release|Any CPU
	EndGlobalSection
	GlobalSection(ProjectConfigurationPlatforms) = postSolution
		{1DDB3C26-45AD-40D3-A9E1-005F5A9A3C21}.Debug|Any CPU.ActiveCfg = Debug|Any CPU
		{1DDB3C26-45AD-40D3-A9E1-005F5A9A3C21}.Debug|Any CPU.Build.0 = Debug|Any CPU
		{1DDB3C26-45AD-40D3-A9E1-005F5A9A3C21}.Release|Any CPU.ActiveCfg = Release|Any CPU
		{1DDB3C26-45AD-40D3-A9E1-005F5A9A3C21}.Release|Any CPU.Build.0 = Release|Any CPU
		{923E3CE8-C683-4970-97DB-A24346C6A461}.Debug|Any CPU.ActiveCfg = Debug|Any CPU
		{923E3CE8-C683-4970-97DB-A24346C6A461}.Debug|Any CPU.Build.0 = Debug|Any CPU
		{923E3CE8-C683-4970-97DB-A24346C6A461}.Release|Any CPU.ActiveCfg = Release|Any CPU
		{923E3CE8-C683-4970-97DB-A24346C6A461}.Release|Any CPU.Build.0 = Release|Any CPU
	EndGlobalSection
	GlobalSection(SolutionProperties) = preSolution
		HideSolutionNode = FALSE
	EndGlobalSection
	GlobalSection(ExtensibilityGlobals) = postSolution
		SolutionGuid = {FA2986F1-C977-40FE-922C-F9355E781E12}
	EndGlobalSection
EndGlobal
